
Microsoft Visual Studio Solution File, Format Version 12.00
# Visual Studio Version 16
VisualStudioVersion = 16.0.32228.343
MinimumVisualStudioVersion = 10.0.40219.1
Project("{FAE04EC0-301F-11D3-BF4B-00C04F79EFBC}") = "lab_02_zadanie", "lab_02_zadanie\lab_02_zadanie.csproj", "{BF91A151-5E5C-4401-ACA9-46C4BF9BCB3B}"
EndProject
Global
	GlobalSection(SolutionConfigurationPlatforms) = preSolution
		Debug|Any CPU = Debug|Any CPU
		Release|Any CPU = Release|Any CPU
	EndGlobalSection
	GlobalSection(ProjectConfigurationPlatforms) = postSolution
		{BF91A151-5E5C-4401-ACA9-46C4BF9BCB3B}.Debug|Any CPU.ActiveCfg = Debug|Any CPU
		{BF91A151-5E5C-4401-ACA9-46C4BF9BCB3B}.Debug|Any CPU.Build.0 = Debug|Any CPU
		{BF91A151-5E5C-4401-ACA9-46C4BF9BCB3B}.Release|Any CPU.ActiveCfg = Release|Any CPU
		{BF91A151-5E5C-4401-ACA9-46C4BF9BCB3B}.Release|Any CPU.Build.0 = Release|Any CPU
	EndGlobalSection
	GlobalSection(SolutionProperties) = preSolution
		HideSolutionNode = FALSE
	EndGlobalSection
	GlobalSection(ExtensibilityGlobals) = postSolution
		SolutionGuid = {1CF63879-E4F9-4C12-8D0C-5C9E72B7FD3F}
	EndGlobalSection
EndGlobal
